
Microsoft Visual Studio Solution File, Format Version 12.00
# Visual Studio Version 17
VisualStudioVersion = 17.10.35122.118
MinimumVisualStudioVersion = 10.0.40219.1
Project("{FAE04EC0-301F-11D3-BF4B-00C04F79EFBC}") = "IdeaCenterPrep", "IdeaCenterPrep\IdeaCenterPrep.csproj", "{72369E6A-642F-4D55-8F7E-AE49D9694EEF}"
EndProject
Global
	GlobalSection(SolutionConfigurationPlatforms) = preSolution
		Debug|Any CPU = Debug|Any CPU
		Release|Any CPU = Release|Any CPU
	EndGlobalSection
	GlobalSection(ProjectConfigurationPlatforms) = postSolution
		{72369E6A-642F-4D55-8F7E-AE49D9694EEF}.Debug|Any CPU.ActiveCfg = Debug|Any CPU
		{72369E6A-642F-4D55-8F7E-AE49D9694EEF}.Debug|Any CPU.Build.0 = Debug|Any CPU
		{72369E6A-642F-4D55-8F7E-AE49D9694EEF}.Release|Any CPU.ActiveCfg = Release|Any CPU
		{72369E6A-642F-4D55-8F7E-AE49D9694EEF}.Release|Any CPU.Build.0 = Release|Any CPU
	EndGlobalSection
	GlobalSection(SolutionProperties) = preSolution
		HideSolutionNode = FALSE
	EndGlobalSection
	GlobalSection(ExtensibilityGlobals) = postSolution
		SolutionGuid = {A58BA0B5-ACBD-49FA-8884-AE6812B284E8}
	EndGlobalSection
EndGlobal
